// !$*UTF8*$!
{
	archiveVersion = 1;
	classes = {
	};
	objectVersion = 46;
	objects = {

/* Begin PBXBuildFile section */
		C90BE1DF1D194A7900033F1F /* AppDelegate.swift in Sources */ = {isa = PBXBuildFile; fileRef = C90BE1DE1D194A7900033F1F /* AppDelegate.swift */; };
		C90BE1E11D194A7900033F1F /* ViewController.swift in Sources */ = {isa = PBXBuildFile; fileRef = C90BE1E01D194A7900033F1F /* ViewController.swift */; };
		C90BE1E61D194A7900033F1F /* Assets.xcassets in Resources */ = {isa = PBXBuildFile; fileRef = C90BE1E51D194A7900033F1F /* Assets.xcassets */; };
		C90BE1E91D194A7900033F1F /* LaunchScreen.storyboard in Resources */ = {isa = PBXBuildFile; fileRef = C90BE1E71D194A7900033F1F /* LaunchScreen.storyboard */; };
		C90BE1F11D196FEA00033F1F /* LaughingMan.png in Resources */ = {isa = PBXBuildFile; fileRef = C90BE1F01D196FEA00033F1F /* LaughingMan.png */; };
		F01877391DD70CE800FCE1F9 /* 8658695.png in Resources */ = {isa = PBXBuildFile; fileRef = F01877381DD70CE800FCE1F9 /* 8658695.png */; };
		F01877AC1DE91F0E00FCE1F9 /* rotateImage.swift in Sources */ = {isa = PBXBuildFile; fileRef = F01877AB1DE91F0E00FCE1F9 /* rotateImage.swift */; };
		F01877AE1DE9293000FCE1F9 /* detectFace.swift in Sources */ = {isa = PBXBuildFile; fileRef = F01877AD1DE9293000FCE1F9 /* detectFace.swift */; };
		F01C99721E6AA76E00F03094 /* TabMessage.png in Resources */ = {isa = PBXBuildFile; fileRef = F01C99711E6AA76E00F03094 /* TabMessage.png */; };
		F01C99741E6D9BC100F03094 /* heart2.png in Resources */ = {isa = PBXBuildFile; fileRef = F01C99731E6D9BC100F03094 /* heart2.png */; };
		F01C99821E6EFB7000F03094 /* TabMessage2.png in Resources */ = {isa = PBXBuildFile; fileRef = F01C99811E6EFB7000F03094 /* TabMessage2.png */; };
		F01C99841E6EFCE800F03094 /* likeIcon.png in Resources */ = {isa = PBXBuildFile; fileRef = F01C99831E6EFCE800F03094 /* likeIcon.png */; };
		F01C99881E6F017D00F03094 /* MessageListViewController.swift in Sources */ = {isa = PBXBuildFile; fileRef = F01C99871E6F017D00F03094 /* MessageListViewController.swift */; };
		F01C998A1E6F019800F03094 /* GoodListViewController.swift in Sources */ = {isa = PBXBuildFile; fileRef = F01C99891E6F019800F03094 /* GoodListViewController.swift */; };
		F01C998C1E70543400F03094 /* CustomButton.swift in Sources */ = {isa = PBXBuildFile; fileRef = F01C998B1E70543400F03094 /* CustomButton.swift */; };
		F01C99941E705CF300F03094 /* enroll2.png in Resources */ = {isa = PBXBuildFile; fileRef = F01C99931E705CF300F03094 /* enroll2.png */; };
		F024DF941E62A76E00A1C889 /* FaceFeature.swift in Sources */ = {isa = PBXBuildFile; fileRef = F024DF931E62A76E00A1C889 /* FaceFeature.swift */; };
		F024DF981E62B58800A1C889 /* lena.jpg in Resources */ = {isa = PBXBuildFile; fileRef = F024DF971E62B58800A1C889 /* lena.jpg */; };
		F024DF9A1E62B64600A1C889 /* UserData.swift in Sources */ = {isa = PBXBuildFile; fileRef = F024DF991E62B64600A1C889 /* UserData.swift */; };
		F024DF9C1E62B6BA00A1C889 /* Config.swift in Sources */ = {isa = PBXBuildFile; fileRef = F024DF9B1E62B6BA00A1C889 /* Config.swift */; };
		F024DF9E1E62CECE00A1C889 /* ProfileViewController.swift in Sources */ = {isa = PBXBuildFile; fileRef = F024DF9D1E62CECE00A1C889 /* ProfileViewController.swift */; };
		F024DFA01E63154A00A1C889 /* EnrollViewController.swift in Sources */ = {isa = PBXBuildFile; fileRef = F024DF9F1E63154A00A1C889 /* EnrollViewController.swift */; };
		F024DFA41E647B5800A1C889 /* SampleViewController.swift in Sources */ = {isa = PBXBuildFile; fileRef = F024DFA31E647B5800A1C889 /* SampleViewController.swift */; };
		F024DFA61E647B6200A1C889 /* CaptureViewController.swift in Sources */ = {isa = PBXBuildFile; fileRef = F024DFA51E647B6200A1C889 /* CaptureViewController.swift */; };
		F024DFA81E647B6F00A1C889 /* DeviceSize.swift in Sources */ = {isa = PBXBuildFile; fileRef = F024DFA71E647B6F00A1C889 /* DeviceSize.swift */; };
		F024DFAA1E647F5200A1C889 /* APIConnector-2.swift in Sources */ = {isa = PBXBuildFile; fileRef = F024DFA91E647F5200A1C889 /* APIConnector-2.swift */; };
		F024DFAC1E6485CF00A1C889 /* Main.storyboard in Resources */ = {isa = PBXBuildFile; fileRef = F024DFAB1E6485CF00A1C889 /* Main.storyboard */; };
		F024DFAE1E65C1DF00A1C889 /* hukidashi.png in Resources */ = {isa = PBXBuildFile; fileRef = F024DFAD1E65C1DF00A1C889 /* hukidashi.png */; };
		F024DFB01E6A5C4700A1C889 /* goodIcon.png in Resources */ = {isa = PBXBuildFile; fileRef = F024DFAF1E6A5C4700A1C889 /* goodIcon.png */; };
		F024DFB21E6A617900A1C889 /* goodIcon3.png in Resources */ = {isa = PBXBuildFile; fileRef = F024DFB11E6A617900A1C889 /* goodIcon3.png */; };
		F024DFB41E6A642D00A1C889 /* goodIcon2.png in Resources */ = {isa = PBXBuildFile; fileRef = F024DFB31E6A642D00A1C889 /* goodIcon2.png */; };
		F024DFB61E6A69BE00A1C889 /* title.png in Resources */ = {isa = PBXBuildFile; fileRef = F024DFB51E6A69BE00A1C889 /* title.png */; };
		F024DFB81E6A6A5800A1C889 /* startImage.jpg in Resources */ = {isa = PBXBuildFile; fileRef = F024DFB71E6A6A5800A1C889 /* startImage.jpg */; };
		F024DFBA1E6A6A9800A1C889 /* StartViewController.swift in Sources */ = {isa = PBXBuildFile; fileRef = F024DFB91E6A6A9800A1C889 /* StartViewController.swift */; };
		F09D476B1DE931EF00F41C2D /* imageFromSampleBuffer.swift in Sources */ = {isa = PBXBuildFile; fileRef = F09D476A1DE931EF00F41C2D /* imageFromSampleBuffer.swift */; };
/* End PBXBuildFile section */

/* Begin PBXFileReference section */
		C90BE1DB1D194A7900033F1F /* dNanpa.app */ = {isa = PBXFileReference; explicitFileType = wrapper.application; includeInIndex = 0; path = dNanpa.app; sourceTree = BUILT_PRODUCTS_DIR; };
		C90BE1DE1D194A7900033F1F /* AppDelegate.swift */ = {isa = PBXFileReference; lastKnownFileType = sourcecode.swift; path = AppDelegate.swift; sourceTree = "<group>"; };
		C90BE1E01D194A7900033F1F /* ViewController.swift */ = {isa = PBXFileReference; lastKnownFileType = sourcecode.swift; path = ViewController.swift; sourceTree = "<group>"; };
		C90BE1E51D194A7900033F1F /* Assets.xcassets */ = {isa = PBXFileReference; lastKnownFileType = folder.assetcatalog; path = Assets.xcassets; sourceTree = "<group>"; };
		C90BE1E81D194A7900033F1F /* Base */ = {isa = PBXFileReference; lastKnownFileType = file.storyboard; name = Base; path = Base.lproj/LaunchScreen.storyboard; sourceTree = "<group>"; };
		C90BE1EA1D194A7900033F1F /* Info.plist */ = {isa = PBXFileReference; lastKnownFileType = text.plist.xml; path = Info.plist; sourceTree = "<group>"; };
		C90BE1F01D196FEA00033F1F /* LaughingMan.png */ = {isa = PBXFileReference; lastKnownFileType = image.png; path = LaughingMan.png; sourceTree = "<group>"; };
		F01877381DD70CE800FCE1F9 /* 8658695.png */ = {isa = PBXFileReference; lastKnownFileType = image.png; path = 8658695.png; sourceTree = "<group>"; };
		F01877AB1DE91F0E00FCE1F9 /* rotateImage.swift */ = {isa = PBXFileReference; fileEncoding = 4; lastKnownFileType = sourcecode.swift; path = rotateImage.swift; sourceTree = "<group>"; };
		F01877AD1DE9293000FCE1F9 /* detectFace.swift */ = {isa = PBXFileReference; fileEncoding = 4; lastKnownFileType = sourcecode.swift; path = detectFace.swift; sourceTree = "<group>"; };
		F01C99711E6AA76E00F03094 /* TabMessage.png */ = {isa = PBXFileReference; lastKnownFileType = image.png; path = TabMessage.png; sourceTree = "<group>"; };
		F01C99731E6D9BC100F03094 /* heart2.png */ = {isa = PBXFileReference; lastKnownFileType = image.png; path = heart2.png; sourceTree = "<group>"; };
		F01C99811E6EFB7000F03094 /* TabMessage2.png */ = {isa = PBXFileReference; lastKnownFileType = image.png; path = TabMessage2.png; sourceTree = "<group>"; };
		F01C99831E6EFCE800F03094 /* likeIcon.png */ = {isa = PBXFileReference; lastKnownFileType = image.png; path = likeIcon.png; sourceTree = "<group>"; };
		F01C99871E6F017D00F03094 /* MessageListViewController.swift */ = {isa = PBXFileReference; fileEncoding = 4; lastKnownFileType = sourcecode.swift; path = MessageListViewController.swift; sourceTree = "<group>"; };
		F01C99891E6F019800F03094 /* GoodListViewController.swift */ = {isa = PBXFileReference; fileEncoding = 4; lastKnownFileType = sourcecode.swift; path = GoodListViewController.swift; sourceTree = "<group>"; };
		F01C998B1E70543400F03094 /* CustomButton.swift */ = {isa = PBXFileReference; fileEncoding = 4; lastKnownFileType = sourcecode.swift; path = CustomButton.swift; sourceTree = "<group>"; };
		F01C99931E705CF300F03094 /* enroll2.png */ = {isa = PBXFileReference; lastKnownFileType = image.png; path = enroll2.png; sourceTree = "<group>"; };
		F024DF931E62A76E00A1C889 /* FaceFeature.swift */ = {isa = PBXFileReference; fileEncoding = 4; lastKnownFileType = sourcecode.swift; path = FaceFeature.swift; sourceTree = "<group>"; };
		F024DF971E62B58800A1C889 /* lena.jpg */ = {isa = PBXFileReference; lastKnownFileType = image.jpeg; path = lena.jpg; sourceTree = "<group>"; };
		F024DF991E62B64600A1C889 /* UserData.swift */ = {isa = PBXFileReference; fileEncoding = 4; lastKnownFileType = sourcecode.swift; path = UserData.swift; sourceTree = "<group>"; };
		F024DF9B1E62B6BA00A1C889 /* Config.swift */ = {isa = PBXFileReference; fileEncoding = 4; lastKnownFileType = sourcecode.swift; path = Config.swift; sourceTree = "<group>"; };
		F024DF9D1E62CECE00A1C889 /* ProfileViewController.swift */ = {isa = PBXFileReference; fileEncoding = 4; lastKnownFileType = sourcecode.swift; path = ProfileViewController.swift; sourceTree = "<group>"; };
		F024DF9F1E63154A00A1C889 /* EnrollViewController.swift */ = {isa = PBXFileReference; fileEncoding = 4; lastKnownFileType = sourcecode.swift; path = EnrollViewController.swift; sourceTree = "<group>"; };
		F024DFA31E647B5800A1C889 /* SampleViewController.swift */ = {isa = PBXFileReference; fileEncoding = 4; lastKnownFileType = sourcecode.swift; path = SampleViewController.swift; sourceTree = "<group>"; };
		F024DFA51E647B6200A1C889 /* CaptureViewController.swift */ = {isa = PBXFileReference; fileEncoding = 4; lastKnownFileType = sourcecode.swift; path = CaptureViewController.swift; sourceTree = "<group>"; };
		F024DFA71E647B6F00A1C889 /* DeviceSize.swift */ = {isa = PBXFileReference; fileEncoding = 4; lastKnownFileType = sourcecode.swift; path = DeviceSize.swift; sourceTree = "<group>"; };
		F024DFA91E647F5200A1C889 /* APIConnector-2.swift */ = {isa = PBXFileReference; fileEncoding = 4; lastKnownFileType = sourcecode.swift; path = "APIConnector-2.swift"; sourceTree = "<group>"; };
		F024DFAB1E6485CF00A1C889 /* Main.storyboard */ = {isa = PBXFileReference; fileEncoding = 4; lastKnownFileType = file.storyboard; path = Main.storyboard; sourceTree = "<group>"; };
		F024DFAD1E65C1DF00A1C889 /* hukidashi.png */ = {isa = PBXFileReference; lastKnownFileType = image.png; path = hukidashi.png; sourceTree = "<group>"; };
		F024DFAF1E6A5C4700A1C889 /* goodIcon.png */ = {isa = PBXFileReference; lastKnownFileType = image.png; path = goodIcon.png; sourceTree = "<group>"; };
		F024DFB11E6A617900A1C889 /* goodIcon3.png */ = {isa = PBXFileReference; lastKnownFileType = image.png; path = goodIcon3.png; sourceTree = "<group>"; };
		F024DFB31E6A642D00A1C889 /* goodIcon2.png */ = {isa = PBXFileReference; lastKnownFileType = image.png; path = goodIcon2.png; sourceTree = "<group>"; };
		F024DFB51E6A69BE00A1C889 /* title.png */ = {isa = PBXFileReference; lastKnownFileType = image.png; path = title.png; sourceTree = "<group>"; };
		F024DFB71E6A6A5800A1C889 /* startImage.jpg */ = {isa = PBXFileReference; lastKnownFileType = image.jpeg; path = startImage.jpg; sourceTree = "<group>"; };
		F024DFB91E6A6A9800A1C889 /* StartViewController.swift */ = {isa = PBXFileReference; fileEncoding = 4; lastKnownFileType = sourcecode.swift; path = StartViewController.swift; sourceTree = "<group>"; };
		F09D476A1DE931EF00F41C2D /* imageFromSampleBuffer.swift */ = {isa = PBXFileReference; fileEncoding = 4; lastKnownFileType = sourcecode.swift; path = imageFromSampleBuffer.swift; sourceTree = "<group>"; };
/* End PBXFileReference section */

/* Begin PBXFrameworksBuildPhase section */
		C90BE1D81D194A7900033F1F /* Frameworks */ = {
			isa = PBXFrameworksBuildPhase;
			buildActionMask = 2147483647;
			files = (
			);
			runOnlyForDeploymentPostprocessing = 0;
		};
/* End PBXFrameworksBuildPhase section */

/* Begin PBXGroup section */
		C90BE1D21D194A7900033F1F = {
			isa = PBXGroup;
			children = (
				C90BE1DD1D194A7900033F1F /* SwiftAVFCIDetector2 */,
				C90BE1DC1D194A7900033F1F /* Products */,
			);
			sourceTree = "<group>";
		};
		C90BE1DC1D194A7900033F1F /* Products */ = {
			isa = PBXGroup;
			children = (
				C90BE1DB1D194A7900033F1F /* dNanpa.app */,
			);
			name = Products;
			sourceTree = "<group>";
		};
		C90BE1DD1D194A7900033F1F /* SwiftAVFCIDetector2 */ = {
			isa = PBXGroup;
			children = (
				C90BE1F01D196FEA00033F1F /* LaughingMan.png */,
				C90BE1DE1D194A7900033F1F /* AppDelegate.swift */,
				C90BE1E01D194A7900033F1F /* ViewController.swift */,
				F024DFB91E6A6A9800A1C889 /* StartViewController.swift */,
				F024DF9D1E62CECE00A1C889 /* ProfileViewController.swift */,
				F024DFA31E647B5800A1C889 /* SampleViewController.swift */,
				F024DFA51E647B6200A1C889 /* CaptureViewController.swift */,
				F024DF9F1E63154A00A1C889 /* EnrollViewController.swift */,
				F01C99871E6F017D00F03094 /* MessageListViewController.swift */,
				F01C99891E6F019800F03094 /* GoodListViewController.swift */,
				F01877AB1DE91F0E00FCE1F9 /* rotateImage.swift */,
				F01877AD1DE9293000FCE1F9 /* detectFace.swift */,
				F09D476A1DE931EF00F41C2D /* imageFromSampleBuffer.swift */,
				F024DF931E62A76E00A1C889 /* FaceFeature.swift */,
				F024DF991E62B64600A1C889 /* UserData.swift */,
				F024DFA91E647F5200A1C889 /* APIConnector-2.swift */,
				F024DFA71E647B6F00A1C889 /* DeviceSize.swift */,
				F024DF9B1E62B6BA00A1C889 /* Config.swift */,
				F01C998B1E70543400F03094 /* CustomButton.swift */,
				F024DFAD1E65C1DF00A1C889 /* hukidashi.png */,
				F01C99731E6D9BC100F03094 /* heart2.png */,
				F01C99831E6EFCE800F03094 /* likeIcon.png */,
				F024DFB31E6A642D00A1C889 /* goodIcon2.png */,
				F024DFB11E6A617900A1C889 /* goodIcon3.png */,
				F024DFAF1E6A5C4700A1C889 /* goodIcon.png */,
				F024DFB71E6A6A5800A1C889 /* startImage.jpg */,
				F024DFB51E6A69BE00A1C889 /* title.png */,
				F01C99811E6EFB7000F03094 /* TabMessage2.png */,
				F01C99931E705CF300F03094 /* enroll2.png */,
				F01C99711E6AA76E00F03094 /* TabMessage.png */,
				F024DFAB1E6485CF00A1C889 /* Main.storyboard */,
				C90BE1E51D194A7900033F1F /* Assets.xcassets */,
				F01877381DD70CE800FCE1F9 /* 8658695.png */,
				F024DF971E62B58800A1C889 /* lena.jpg */,
				C90BE1E71D194A7900033F1F /* LaunchScreen.storyboard */,
				C90BE1EA1D194A7900033F1F /* Info.plist */,
			);
			path = SwiftAVFCIDetector2;
			sourceTree = "<group>";
		};
/* End PBXGroup section */

/* Begin PBXNativeTarget section */
		C90BE1DA1D194A7900033F1F /* SwiftAVFCIDetector2 */ = {
			isa = PBXNativeTarget;
			buildConfigurationList = C90BE1ED1D194A7900033F1F /* Build configuration list for PBXNativeTarget "SwiftAVFCIDetector2" */;
			buildPhases = (
				C90BE1D71D194A7900033F1F /* Sources */,
				C90BE1D81D194A7900033F1F /* Frameworks */,
				C90BE1D91D194A7900033F1F /* Resources */,
			);
			buildRules = (
			);
			dependencies = (
			);
			name = SwiftAVFCIDetector2;
			productName = SwiftAVFCIDetector;
			productReference = C90BE1DB1D194A7900033F1F /* dNanpa.app */;
			productType = "com.apple.product-type.application";
		};
/* End PBXNativeTarget section */

/* Begin PBXProject section */
		C90BE1D31D194A7900033F1F /* Project object */ = {
			isa = PBXProject;
			attributes = {
				LastSwiftUpdateCheck = 0730;
				LastUpgradeCheck = 0730;
				ORGANIZATIONNAME = "Yoshizawa  Minoru";
				TargetAttributes = {
					C90BE1DA1D194A7900033F1F = {
						CreatedOnToolsVersion = 7.3.1;
						DevelopmentTeam = WPXP8428DX;
						LastSwiftMigration = 0820;
					};
				};
			};
			buildConfigurationList = C90BE1D61D194A7900033F1F /* Build configuration list for PBXProject "SwiftAVFCIDetector2" */;
			compatibilityVersion = "Xcode 3.2";
			developmentRegion = English;
			hasScannedForEncodings = 0;
			knownRegions = (
				en,
				Base,
			);
			mainGroup = C90BE1D21D194A7900033F1F;
			productRefGroup = C90BE1DC1D194A7900033F1F /* Products */;
			projectDirPath = "";
			projectRoot = "";
			targets = (
				C90BE1DA1D194A7900033F1F /* SwiftAVFCIDetector2 */,
			);
		};
/* End PBXProject section */

/* Begin PBXResourcesBuildPhase section */
		C90BE1D91D194A7900033F1F /* Resources */ = {
			isa = PBXResourcesBuildPhase;
			buildActionMask = 2147483647;
			files = (
				F01C99941E705CF300F03094 /* enroll2.png in Resources */,
				F024DFB41E6A642D00A1C889 /* goodIcon2.png in Resources */,
				C90BE1E91D194A7900033F1F /* LaunchScreen.storyboard in Resources */,
				F01C99821E6EFB7000F03094 /* TabMessage2.png in Resources */,
				F024DFB01E6A5C4700A1C889 /* goodIcon.png in Resources */,
				F024DF981E62B58800A1C889 /* lena.jpg in Resources */,
				F024DFAE1E65C1DF00A1C889 /* hukidashi.png in Resources */,
				F024DFAC1E6485CF00A1C889 /* Main.storyboard in Resources */,
				F01C99721E6AA76E00F03094 /* TabMessage.png in Resources */,
				F024DFB21E6A617900A1C889 /* goodIcon3.png in Resources */,
				C90BE1F11D196FEA00033F1F /* LaughingMan.png in Resources */,
				C90BE1E61D194A7900033F1F /* Assets.xcassets in Resources */,
				F01877391DD70CE800FCE1F9 /* 8658695.png in Resources */,
				F024DFB81E6A6A5800A1C889 /* startImage.jpg in Resources */,
				F01C99841E6EFCE800F03094 /* likeIcon.png in Resources */,
				F024DFB61E6A69BE00A1C889 /* title.png in Resources */,
				F01C99741E6D9BC100F03094 /* heart2.png in Resources */,
			);
			runOnlyForDeploymentPostprocessing = 0;
		};
/* End PBXResourcesBuildPhase section */

/* Begin PBXSourcesBuildPhase section */
		C90BE1D71D194A7900033F1F /* Sources */ = {
			isa = PBXSourcesBuildPhase;
			buildActionMask = 2147483647;
			files = (
				C90BE1E11D194A7900033F1F /* ViewController.swift in Sources */,
				F024DFAA1E647F5200A1C889 /* APIConnector-2.swift in Sources */,
				F01C998C1E70543400F03094 /* CustomButton.swift in Sources */,
				F024DFA01E63154A00A1C889 /* EnrollViewController.swift in Sources */,
				F01C998A1E6F019800F03094 /* GoodListViewController.swift in Sources */,
				F024DFA41E647B5800A1C889 /* SampleViewController.swift in Sources */,
				F024DF941E62A76E00A1C889 /* FaceFeature.swift in Sources */,
				F01C99881E6F017D00F03094 /* MessageListViewController.swift in Sources */,
				F024DFBA1E6A6A9800A1C889 /* StartViewController.swift in Sources */,
				F024DF9E1E62CECE00A1C889 /* ProfileViewController.swift in Sources */,
				F024DF9C1E62B6BA00A1C889 /* Config.swift in Sources */,
				F024DF9A1E62B64600A1C889 /* UserData.swift in Sources */,
				F01877AC1DE91F0E00FCE1F9 /* rotateImage.swift in Sources */,
				F024DFA81E647B6F00A1C889 /* DeviceSize.swift in Sources */,
				F024DFA61E647B6200A1C889 /* CaptureViewController.swift in Sources */,
				C90BE1DF1D194A7900033F1F /* AppDelegate.swift in Sources */,
				F09D476B1DE931EF00F41C2D /* imageFromSampleBuffer.swift in Sources */,
				F01877AE1DE9293000FCE1F9 /* detectFace.swift in Sources */,
			);
			runOnlyForDeploymentPostprocessing = 0;
		};
/* End PBXSourcesBuildPhase section */

/* Begin PBXVariantGroup section */
		C90BE1E71D194A7900033F1F /* LaunchScreen.storyboard */ = {
			isa = PBXVariantGroup;
			children = (
				C90BE1E81D194A7900033F1F /* Base */,
			);
			name = LaunchScreen.storyboard;
			sourceTree = "<group>";
		};
/* End PBXVariantGroup section */

/* Begin XCBuildConfiguration section */
		C90BE1EB1D194A7900033F1F /* Debug */ = {
			isa = XCBuildConfiguration;
			buildSettings = {
				ALWAYS_SEARCH_USER_PATHS = NO;
				CLANG_ANALYZER_NONNULL = YES;
				CLANG_CXX_LANGUAGE_STANDARD = "gnu++0x";
				CLANG_CXX_LIBRARY = "libc++";
				CLANG_ENABLE_MODULES = YES;
				CLANG_ENABLE_OBJC_ARC = YES;
				CLANG_WARN_BOOL_CONVERSION = YES;
				CLANG_WARN_CONSTANT_CONVERSION = YES;
				CLANG_WARN_DIRECT_OBJC_ISA_USAGE = YES_ERROR;
				CLANG_WARN_EMPTY_BODY = YES;
				CLANG_WARN_ENUM_CONVERSION = YES;
				CLANG_WARN_INT_CONVERSION = YES;
				CLANG_WARN_OBJC_ROOT_CLASS = YES_ERROR;
				CLANG_WARN_UNREACHABLE_CODE = YES;
				CLANG_WARN__DUPLICATE_METHOD_MATCH = YES;
				"CODE_SIGN_IDENTITY[sdk=iphoneos*]" = "iPhone Developer";
				COPY_PHASE_STRIP = NO;
				DEBUG_INFORMATION_FORMAT = dwarf;
				ENABLE_STRICT_OBJC_MSGSEND = YES;
				ENABLE_TESTABILITY = YES;
				GCC_C_LANGUAGE_STANDARD = gnu99;
				GCC_DYNAMIC_NO_PIC = NO;
				GCC_NO_COMMON_BLOCKS = YES;
				GCC_OPTIMIZATION_LEVEL = 0;
				GCC_PREPROCESSOR_DEFINITIONS = (
					"DEBUG=1",
					"$(inherited)",
				);
				GCC_WARN_64_TO_32_BIT_CONVERSION = YES;
				GCC_WARN_ABOUT_RETURN_TYPE = YES_ERROR;
				GCC_WARN_UNDECLARED_SELECTOR = YES;
				GCC_WARN_UNINITIALIZED_AUTOS = YES_AGGRESSIVE;
				GCC_WARN_UNUSED_FUNCTION = YES;
				GCC_WARN_UNUSED_VARIABLE = YES;
				IPHONEOS_DEPLOYMENT_TARGET = 9.3;
				MTL_ENABLE_DEBUG_INFO = YES;
				ONLY_ACTIVE_ARCH = YES;
				SDKROOT = iphoneos;
				SWIFT_OPTIMIZATION_LEVEL = "-Onone";
				TARGETED_DEVICE_FAMILY = "1,2";
			};
			name = Debug;
		};
		C90BE1EC1D194A7900033F1F /* Release */ = {
			isa = XCBuildConfiguration;
			buildSettings = {
				ALWAYS_SEARCH_USER_PATHS = NO;
				CLANG_ANALYZER_NONNULL = YES;
				CLANG_CXX_LANGUAGE_STANDARD = "gnu++0x";
				CLANG_CXX_LIBRARY = "libc++";
				CLANG_ENABLE_MODULES = YES;
				CLANG_ENABLE_OBJC_ARC = YES;
				CLANG_WARN_BOOL_CONVERSION = YES;
				CLANG_WARN_CONSTANT_CONVERSION = YES;
				CLANG_WARN_DIRECT_OBJC_ISA_USAGE = YES_ERROR;
				CLANG_WARN_EMPTY_BODY = YES;
				CLANG_WARN_ENUM_CONVERSION = YES;
				CLANG_WARN_INT_CONVERSION = YES;
				CLANG_WARN_OBJC_ROOT_CLASS = YES_ERROR;
				CLANG_WARN_UNREACHABLE_CODE = YES;
				CLANG_WARN__DUPLICATE_METHOD_MATCH = YES;
				"CODE_SIGN_IDENTITY[sdk=iphoneos*]" = "iPhone Developer";
				COPY_PHASE_STRIP = NO;
				DEBUG_INFORMATION_FORMAT = "dwarf-with-dsym";
				ENABLE_NS_ASSERTIONS = NO;
				ENABLE_STRICT_OBJC_MSGSEND = YES;
				GCC_C_LANGUAGE_STANDARD = gnu99;
				GCC_NO_COMMON_BLOCKS = YES;
				GCC_WARN_64_TO_32_BIT_CONVERSION = YES;
				GCC_WARN_ABOUT_RETURN_TYPE = YES_ERROR;
				GCC_WARN_UNDECLARED_SELECTOR = YES;
				GCC_WARN_UNINITIALIZED_AUTOS = YES_AGGRESSIVE;
				GCC_WARN_UNUSED_FUNCTION = YES;
				GCC_WARN_UNUSED_VARIABLE = YES;
				IPHONEOS_DEPLOYMENT_TARGET = 9.3;
				MTL_ENABLE_DEBUG_INFO = NO;
				SDKROOT = iphoneos;
				TARGETED_DEVICE_FAMILY = "1,2";
				VALIDATE_PRODUCT = YES;
			};
			name = Release;
		};
		C90BE1EE1D194A7900033F1F /* Debug */ = {
			isa = XCBuildConfiguration;
			buildSettings = {
				ASSETCATALOG_COMPILER_APPICON_NAME = AppIcon;
				CODE_SIGN_IDENTITY = "iPhone Developer";
				"CODE_SIGN_IDENTITY[sdk=iphoneos*]" = "iPhone Developer";
				INFOPLIST_FILE = SwiftAVFCIDetector2/Info.plist;
				LD_RUNPATH_SEARCH_PATHS = "$(inherited) @executable_path/Frameworks";
				PRODUCT_BUNDLE_IDENTIFIER = jp.co.docomo.SwiftAVFCIDetector2;
				PRODUCT_NAME = dNanpa;
				PROVISIONING_PROFILE = "";
				SWIFT_VERSION = 3.0;
			};
			name = Debug;
		};
		C90BE1EF1D194A7900033F1F /* Release */ = {
			isa = XCBuildConfiguration;
			buildSettings = {
				ASSETCATALOG_COMPILER_APPICON_NAME = AppIcon;
				CODE_SIGN_IDENTITY = "iPhone Developer";
				"CODE_SIGN_IDENTITY[sdk=iphoneos*]" = "iPhone Developer";
				INFOPLIST_FILE = SwiftAVFCIDetector2/Info.plist;
				LD_RUNPATH_SEARCH_PATHS = "$(inherited) @executable_path/Frameworks";
				PRODUCT_BUNDLE_IDENTIFIER = jp.co.docomo.SwiftAVFCIDetector2;
				PRODUCT_NAME = dNanpa;
				PROVISIONING_PROFILE = "";
				SWIFT_VERSION = 3.0;
			};
			name = Release;
		};
/* End XCBuildConfiguration section */

/* Begin XCConfigurationList section */
		C90BE1D61D194A7900033F1F /* Build configuration list for PBXProject "SwiftAVFCIDetector2" */ = {
			isa = XCConfigurationList;
			buildConfigurations = (
				C90BE1EB1D194A7900033F1F /* Debug */,
				C90BE1EC1D194A7900033F1F /* Release */,
			);
			defaultConfigurationIsVisible = 0;
			defaultConfigurationName = Release;
		};
		C90BE1ED1D194A7900033F1F /* Build configuration list for PBXNativeTarget "SwiftAVFCIDetector2" */ = {
			isa = XCConfigurationList;
			buildConfigurations = (
				C90BE1EE1D194A7900033F1F /* Debug */,
				C90BE1EF1D194A7900033F1F /* Release */,
			);
			defaultConfigurationIsVisible = 0;
			defaultConfigurationName = Release;
		};
/* End XCConfigurationList section */
	};
	rootObject = C90BE1D31D194A7900033F1F /* Project object */;
}
